PODS:
  - Vinger (0.1.0):
    - Vinger/Core (= 0.1.0)
  - Vinger/Core (0.1.0)

DEPENDENCIES:
  - Vinger (from `../..`)

EXTERNAL SOURCES:
  Vinger:
    :path: "../.."

SPEC CHECKSUMS:
  Vinger: 9eed0abdfe26810aa1b25f74d195690921ac43d0

PODFILE CHECKSUM: 30fa88fe107a3369303a9462a75e485dbf3ae2e9

COCOAPODS: 1.0.1
